{
  "version": 4,
  "terraform_version": "1.0.9",
  "serial": 141,
  "lineage": "db3237fd-94c8-bb13-9ceb-a227bc17d667",
  "outputs": {},
  "resources": [
    {
      "mode": "managed",
      "type": "openstack_blockstorage_volume_v2",
      "name": "tier2",
      "provider": "provider[\"registry.terraform.io/terraform-provider-openstack/openstack\"]",
      "instances": [
        {
          "index_key": 0,
          "schema_version": 0,
          "attributes": {
            "attachment": [],
            "availability_zone": "nova",
            "consistency_group_id": null,
            "description": "",
            "id": "4dcea415-d057-4e98-a98e-a9be212a46db",
            "image_id": null,
            "metadata": {},
            "name": "tier2-vol-01",
            "region": "regionOne",
            "scheduler_hints": [],
            "size": 500,
            "snapshot_id": "",
            "source_replica": null,
            "source_vol_id": "",
            "timeouts": null,
            "volume_type": "TIER2"
          },
          "sensitive_attributes": [],
          "private": "eyJlMmJmYjczMC1lY2FhLTExZTYtOGY4OC0zNDM2M2JjN2M0YzAiOnsiY3JlYXRlIjo2MDAwMDAwMDAwMDAsImRlbGV0ZSI6NjAwMDAwMDAwMDAwfX0="
        },
        {
          "index_key": 1,
          "schema_version": 0,
          "attributes": {
            "attachment": [],
            "availability_zone": "nova",
            "consistency_group_id": null,
            "description": "",
            "id": "2a8e3849-e893-4701-8199-886e858646bb",
            "image_id": null,
            "metadata": {},
            "name": "tier2-vol-02",
            "region": "regionOne",
            "scheduler_hints": [],
            "size": 500,
            "snapshot_id": "",
            "source_replica": null,
            "source_vol_id": "",
            "timeouts": null,
            "volume_type": "TIER2"
          },
          "sensitive_attributes": [],
          "private": "eyJlMmJmYjczMC1lY2FhLTExZTYtOGY4OC0zNDM2M2JjN2M0YzAiOnsiY3JlYXRlIjo2MDAwMDAwMDAwMDAsImRlbGV0ZSI6NjAwMDAwMDAwMDAwfX0="
        }
      ]
    },
    {
      "mode": "managed",
      "type": "openstack_compute_floatingip_associate_v2",
      "name": "floatip_1",
      "provider": "provider[\"registry.terraform.io/terraform-provider-openstack/openstack\"]",
      "instances": [
        {
          "schema_version": 0,
          "attributes": {
            "fixed_ip": "",
            "floating_ip": "51.179.205.49",
            "id": "51.179.205.49/83c5d779-d62e-4206-bcd4-a595a2c99936/",
            "instance_id": "83c5d779-d62e-4206-bcd4-a595a2c99936",
            "region": "regionOne",
            "timeouts": null,
            "wait_until_associated": null
          },
          "sensitive_attributes": [],
          "private": "eyJlMmJmYjczMC1lY2FhLTExZTYtOGY4OC0zNDM2M2JjN2M0YzAiOnsiY3JlYXRlIjo2MDAwMDAwMDAwMDB9fQ==",
          "dependencies": [
            "openstack_compute_instance_v2.kolla",
            "openstack_compute_secgroup_v2.secgroup_1",
            "openstack_networking_floatingip_v2.floatip_1"
          ]
        }
      ]
    },
    {
      "mode": "managed",
      "type": "openstack_compute_instance_v2",
      "name": "compute",
      "provider": "provider[\"registry.terraform.io/terraform-provider-openstack/openstack\"]",
      "instances": [
        {
          "index_key": 0,
          "schema_version": 0,
          "attributes": {
            "access_ip_v4": "10.1.2.193",
            "access_ip_v6": "",
            "admin_pass": null,
            "all_metadata": {},
            "all_tags": [],
            "availability_zone": "az00002",
            "availability_zone_hints": null,
            "block_device": [],
            "config_drive": null,
            "flavor_id": "ad5ca079-a1ae-42d1-b86b-f3d1f29f0474",
            "flavor_name": "t1.medium",
            "floating_ip": null,
            "force_delete": false,
            "id": "438959d6-fb75-4e57-8ece-fba810856b6e",
            "image_id": "2fd3b2e1-7efd-4040-b648-dccfd1e8b63a",
            "image_name": "CentOS-8-stream",
            "key_pair": "mymac",
            "metadata": null,
            "name": "compute-01",
            "network": [
              {
                "access_network": false,
                "fixed_ip_v4": "10.1.2.193",
                "fixed_ip_v6": "",
                "floating_ip": "",
                "mac": "fa:16:3e:7d:c1:4c",
                "name": "PROV",
                "port": "",
                "uuid": "e26e3312-d4e0-4b60-80c4-59c5960ebc6f"
              },
              {
                "access_network": false,
                "fixed_ip_v4": "10.1.3.167",
                "fixed_ip_v6": "",
                "floating_ip": "",
                "mac": "fa:16:3e:73:ab:1f",
                "name": "TRANSIT",
                "port": "",
                "uuid": "c226c43f-116c-44bb-983f-6d7b19d797d4"
              }
            ],
            "network_mode": null,
            "personality": [],
            "power_state": "active",
            "region": "regionOne",
            "scheduler_hints": [],
            "security_groups": [
              "secgroup_1"
            ],
            "stop_before_destroy": false,
            "tags": [],
            "timeouts": null,
            "user_data": null,
            "vendor_options": [],
            "volume": []
          },
          "sensitive_attributes": [],
          "private": "eyJlMmJmYjczMC1lY2FhLTExZTYtOGY4OC0zNDM2M2JjN2M0YzAiOnsiY3JlYXRlIjoxODAwMDAwMDAwMDAwLCJkZWxldGUiOjE4MDAwMDAwMDAwMDAsInVwZGF0ZSI6MTgwMDAwMDAwMDAwMH19",
          "dependencies": [
            "openstack_compute_secgroup_v2.secgroup_1"
          ]
        },
        {
          "index_key": 1,
          "schema_version": 0,
          "attributes": {
            "access_ip_v4": "10.1.2.182",
            "access_ip_v6": "",
            "admin_pass": null,
            "all_metadata": {},
            "all_tags": [],
            "availability_zone": "az00001",
            "availability_zone_hints": null,
            "block_device": [],
            "config_drive": null,
            "flavor_id": "ad5ca079-a1ae-42d1-b86b-f3d1f29f0474",
            "flavor_name": "t1.medium",
            "floating_ip": null,
            "force_delete": false,
            "id": "6f5d9350-b389-4b62-9873-e879986fc1cb",
            "image_id": "2fd3b2e1-7efd-4040-b648-dccfd1e8b63a",
            "image_name": "CentOS-8-stream",
            "key_pair": "mymac",
            "metadata": null,
            "name": "compute-02",
            "network": [
              {
                "access_network": false,
                "fixed_ip_v4": "10.1.2.182",
                "fixed_ip_v6": "",
                "floating_ip": "",
                "mac": "fa:16:3e:af:38:33",
                "name": "PROV",
                "port": "",
                "uuid": "e26e3312-d4e0-4b60-80c4-59c5960ebc6f"
              },
              {
                "access_network": false,
                "fixed_ip_v4": "10.1.3.199",
                "fixed_ip_v6": "",
                "floating_ip": "",
                "mac": "fa:16:3e:0a:df:3f",
                "name": "TRANSIT",
                "port": "",
                "uuid": "c226c43f-116c-44bb-983f-6d7b19d797d4"
              }
            ],
            "network_mode": null,
            "personality": [],
            "power_state": "active",
            "region": "regionOne",
            "scheduler_hints": [],
            "security_groups": [
              "secgroup_1"
            ],
            "stop_before_destroy": false,
            "tags": [],
            "timeouts": null,
            "user_data": null,
            "vendor_options": [],
            "volume": []
          },
          "sensitive_attributes": [],
          "private": "eyJlMmJmYjczMC1lY2FhLTExZTYtOGY4OC0zNDM2M2JjN2M0YzAiOnsiY3JlYXRlIjoxODAwMDAwMDAwMDAwLCJkZWxldGUiOjE4MDAwMDAwMDAwMDAsInVwZGF0ZSI6MTgwMDAwMDAwMDAwMH19",
          "dependencies": [
            "openstack_compute_secgroup_v2.secgroup_1"
          ]
        }
      ]
    },
    {
      "mode": "managed",
      "type": "openstack_compute_instance_v2",
      "name": "controller",
      "provider": "provider[\"registry.terraform.io/terraform-provider-openstack/openstack\"]",
      "instances": [
        {
          "index_key": 0,
          "schema_version": 0,
          "attributes": {
            "access_ip_v4": "10.1.2.68",
            "access_ip_v6": "",
            "admin_pass": null,
            "all_metadata": {},
            "all_tags": [],
            "availability_zone": "az00002",
            "availability_zone_hints": null,
            "block_device": [],
            "config_drive": null,
            "flavor_id": "ad5ca079-a1ae-42d1-b86b-f3d1f29f0474",
            "flavor_name": "t1.medium",
            "floating_ip": null,
            "force_delete": false,
            "id": "681f2d0e-de2f-469b-9f86-619e08bc45ad",
            "image_id": "2fd3b2e1-7efd-4040-b648-dccfd1e8b63a",
            "image_name": "CentOS-8-stream",
            "key_pair": "mymac",
            "metadata": null,
            "name": "controller-01",
            "network": [
              {
                "access_network": false,
                "fixed_ip_v4": "10.1.2.68",
                "fixed_ip_v6": "",
                "floating_ip": "",
                "mac": "fa:16:3e:7a:d6:d3",
                "name": "PROV",
                "port": "",
                "uuid": "e26e3312-d4e0-4b60-80c4-59c5960ebc6f"
              },
              {
                "access_network": false,
                "fixed_ip_v4": "10.1.3.161",
                "fixed_ip_v6": "",
                "floating_ip": "",
                "mac": "fa:16:3e:e3:2a:84",
                "name": "TRANSIT",
                "port": "",
                "uuid": "c226c43f-116c-44bb-983f-6d7b19d797d4"
              }
            ],
            "network_mode": null,
            "personality": [],
            "power_state": "active",
            "region": "regionOne",
            "scheduler_hints": [],
            "security_groups": [
              "secgroup_1"
            ],
            "stop_before_destroy": false,
            "tags": [],
            "timeouts": null,
            "user_data": null,
            "vendor_options": [],
            "volume": []
          },
          "sensitive_attributes": [],
          "private": "eyJlMmJmYjczMC1lY2FhLTExZTYtOGY4OC0zNDM2M2JjN2M0YzAiOnsiY3JlYXRlIjoxODAwMDAwMDAwMDAwLCJkZWxldGUiOjE4MDAwMDAwMDAwMDAsInVwZGF0ZSI6MTgwMDAwMDAwMDAwMH19",
          "dependencies": [
            "openstack_compute_secgroup_v2.secgroup_1"
          ]
        },
        {
          "index_key": 1,
          "schema_version": 0,
          "attributes": {
            "access_ip_v4": "10.1.2.162",
            "access_ip_v6": "",
            "admin_pass": null,
            "all_metadata": {},
            "all_tags": [],
            "availability_zone": "az00002",
            "availability_zone_hints": null,
            "block_device": [],
            "config_drive": null,
            "flavor_id": "ad5ca079-a1ae-42d1-b86b-f3d1f29f0474",
            "flavor_name": "t1.medium",
            "floating_ip": null,
            "force_delete": false,
            "id": "be63cf1c-4492-4c81-a596-ed587b2e1e76",
            "image_id": "2fd3b2e1-7efd-4040-b648-dccfd1e8b63a",
            "image_name": "CentOS-8-stream",
            "key_pair": "mymac",
            "metadata": null,
            "name": "controller-02",
            "network": [
              {
                "access_network": false,
                "fixed_ip_v4": "10.1.2.162",
                "fixed_ip_v6": "",
                "floating_ip": "",
                "mac": "fa:16:3e:8b:c5:f7",
                "name": "PROV",
                "port": "",
                "uuid": "e26e3312-d4e0-4b60-80c4-59c5960ebc6f"
              },
              {
                "access_network": false,
                "fixed_ip_v4": "10.1.3.172",
                "fixed_ip_v6": "",
                "floating_ip": "",
                "mac": "fa:16:3e:3f:c3:88",
                "name": "TRANSIT",
                "port": "",
                "uuid": "c226c43f-116c-44bb-983f-6d7b19d797d4"
              }
            ],
            "network_mode": null,
            "personality": [],
            "power_state": "active",
            "region": "regionOne",
            "scheduler_hints": [],
            "security_groups": [
              "secgroup_1"
            ],
            "stop_before_destroy": false,
            "tags": [],
            "timeouts": null,
            "user_data": null,
            "vendor_options": [],
            "volume": []
          },
          "sensitive_attributes": [],
          "private": "eyJlMmJmYjczMC1lY2FhLTExZTYtOGY4OC0zNDM2M2JjN2M0YzAiOnsiY3JlYXRlIjoxODAwMDAwMDAwMDAwLCJkZWxldGUiOjE4MDAwMDAwMDAwMDAsInVwZGF0ZSI6MTgwMDAwMDAwMDAwMH19",
          "dependencies": [
            "openstack_compute_secgroup_v2.secgroup_1"
          ]
        },
        {
          "index_key": 2,
          "schema_version": 0,
          "attributes": {
            "access_ip_v4": "10.1.2.95",
            "access_ip_v6": "",
            "admin_pass": null,
            "all_metadata": {},
            "all_tags": [],
            "availability_zone": "az00002",
            "availability_zone_hints": null,
            "block_device": [],
            "config_drive": null,
            "flavor_id": "ad5ca079-a1ae-42d1-b86b-f3d1f29f0474",
            "flavor_name": "t1.medium",
            "floating_ip": null,
            "force_delete": false,
            "id": "6f378308-6187-4749-8957-198114b13467",
            "image_id": "2fd3b2e1-7efd-4040-b648-dccfd1e8b63a",
            "image_name": "CentOS-8-stream",
            "key_pair": "mymac",
            "metadata": null,
            "name": "controller-03",
            "network": [
              {
                "access_network": false,
                "fixed_ip_v4": "10.1.2.95",
                "fixed_ip_v6": "",
                "floating_ip": "",
                "mac": "fa:16:3e:4f:92:2a",
                "name": "PROV",
                "port": "",
                "uuid": "e26e3312-d4e0-4b60-80c4-59c5960ebc6f"
              },
              {
                "access_network": false,
                "fixed_ip_v4": "10.1.3.64",
                "fixed_ip_v6": "",
                "floating_ip": "",
                "mac": "fa:16:3e:4e:04:b5",
                "name": "TRANSIT",
                "port": "",
                "uuid": "c226c43f-116c-44bb-983f-6d7b19d797d4"
              }
            ],
            "network_mode": null,
            "personality": [],
            "power_state": "active",
            "region": "regionOne",
            "scheduler_hints": [],
            "security_groups": [
              "secgroup_1"
            ],
            "stop_before_destroy": false,
            "tags": [],
            "timeouts": null,
            "user_data": null,
            "vendor_options": [],
            "volume": []
          },
          "sensitive_attributes": [],
          "private": "eyJlMmJmYjczMC1lY2FhLTExZTYtOGY4OC0zNDM2M2JjN2M0YzAiOnsiY3JlYXRlIjoxODAwMDAwMDAwMDAwLCJkZWxldGUiOjE4MDAwMDAwMDAwMDAsInVwZGF0ZSI6MTgwMDAwMDAwMDAwMH19",
          "dependencies": [
            "openstack_compute_secgroup_v2.secgroup_1"
          ]
        }
      ]
    },
    {
      "mode": "managed",
      "type": "openstack_compute_instance_v2",
      "name": "kolla",
      "provider": "provider[\"registry.terraform.io/terraform-provider-openstack/openstack\"]",
      "instances": [
        {
          "schema_version": 0,
          "attributes": {
            "access_ip_v4": "10.1.1.61",
            "access_ip_v6": "",
            "admin_pass": null,
            "all_metadata": {},
            "all_tags": [],
            "availability_zone": "az00002",
            "availability_zone_hints": null,
            "block_device": [],
            "config_drive": null,
            "flavor_id": "64349655-65a1-4cd6-b28e-e45120b02875",
            "flavor_name": "m1.medium",
            "floating_ip": null,
            "force_delete": false,
            "id": "83c5d779-d62e-4206-bcd4-a595a2c99936",
            "image_id": "2fd3b2e1-7efd-4040-b648-dccfd1e8b63a",
            "image_name": "CentOS-8-stream",
            "key_pair": "mymac",
            "metadata": null,
            "name": "kolla",
            "network": [
              {
                "access_network": false,
                "fixed_ip_v4": "10.1.1.61",
                "fixed_ip_v6": "",
                "floating_ip": "",
                "mac": "fa:16:3e:e6:91:35",
                "name": "MGMT",
                "port": "",
                "uuid": "ca2a82a1-7522-4eb9-9875-079699528fff"
              },
              {
                "access_network": false,
                "fixed_ip_v4": "10.1.2.39",
                "fixed_ip_v6": "",
                "floating_ip": "",
                "mac": "fa:16:3e:29:8e:4f",
                "name": "PROV",
                "port": "",
                "uuid": "e26e3312-d4e0-4b60-80c4-59c5960ebc6f"
              }
            ],
            "network_mode": null,
            "personality": [],
            "power_state": "active",
            "region": "regionOne",
            "scheduler_hints": [],
            "security_groups": [
              "secgroup_1"
            ],
            "stop_before_destroy": false,
            "tags": [],
            "timeouts": null,
            "user_data": null,
            "vendor_options": [],
            "volume": []
          },
          "sensitive_attributes": [],
          "private": "eyJlMmJmYjczMC1lY2FhLTExZTYtOGY4OC0zNDM2M2JjN2M0YzAiOnsiY3JlYXRlIjoxODAwMDAwMDAwMDAwLCJkZWxldGUiOjE4MDAwMDAwMDAwMDAsInVwZGF0ZSI6MTgwMDAwMDAwMDAwMH19",
          "dependencies": [
            "openstack_compute_secgroup_v2.secgroup_1"
          ]
        }
      ]
    },
    {
      "mode": "managed",
      "type": "openstack_compute_secgroup_v2",
      "name": "secgroup_1",
      "provider": "provider[\"registry.terraform.io/terraform-provider-openstack/openstack\"]",
      "instances": [
        {
          "schema_version": 0,
          "attributes": {
            "description": "Allow web traffic inbound",
            "id": "20d1e66f-fa17-4226-9976-16c72a00d0d9",
            "name": "secgroup_1",
            "region": "regionOne",
            "rule": [
              {
                "cidr": "0.0.0.0/0",
                "from_group_id": "",
                "from_port": -1,
                "id": "82a13c33-c01e-4aaf-b2d9-617d81de3dc6",
                "ip_protocol": "icmp",
                "self": false,
                "to_port": -1
              },
              {
                "cidr": "0.0.0.0/0",
                "from_group_id": "",
                "from_port": 22,
                "id": "1b175e98-c103-49a6-a6aa-437cb0cd7cbb",
                "ip_protocol": "tcp",
                "self": false,
                "to_port": 22
              },
              {
                "cidr": "0.0.0.0/0",
                "from_group_id": "",
                "from_port": 443,
                "id": "01fc1de2-d6dd-44fb-a4c4-ef683979d25f",
                "ip_protocol": "tcp",
                "self": false,
                "to_port": 443
              }
            ],
            "timeouts": null
          },
          "sensitive_attributes": [],
          "private": "eyJlMmJmYjczMC1lY2FhLTExZTYtOGY4OC0zNDM2M2JjN2M0YzAiOnsiZGVsZXRlIjo2MDAwMDAwMDAwMDB9fQ=="
        }
      ]
    },
    {
      "mode": "managed",
      "type": "openstack_compute_volume_attach_v2",
      "name": "attached-01",
      "provider": "provider[\"registry.terraform.io/terraform-provider-openstack/openstack\"]",
      "instances": [
        {
          "schema_version": 0,
          "attributes": {
            "device": "/dev/vdb",
            "id": "438959d6-fb75-4e57-8ece-fba810856b6e/4dcea415-d057-4e98-a98e-a9be212a46db",
            "instance_id": "438959d6-fb75-4e57-8ece-fba810856b6e",
            "multiattach": null,
            "region": "regionOne",
            "timeouts": null,
            "vendor_options": [],
            "volume_id": "4dcea415-d057-4e98-a98e-a9be212a46db"
          },
          "sensitive_attributes": [],
          "private": "eyJlMmJmYjczMC1lY2FhLTExZTYtOGY4OC0zNDM2M2JjN2M0YzAiOnsiY3JlYXRlIjo2MDAwMDAwMDAwMDAsImRlbGV0ZSI6NjAwMDAwMDAwMDAwfX0=",
          "dependencies": [
            "openstack_blockstorage_volume_v2.tier2",
            "openstack_compute_instance_v2.compute"
          ]
        }
      ]
    },
    {
      "mode": "managed",
      "type": "openstack_compute_volume_attach_v2",
      "name": "attached-02",
      "provider": "provider[\"registry.terraform.io/terraform-provider-openstack/openstack\"]",
      "instances": [
        {
          "schema_version": 0,
          "attributes": {
            "device": "/dev/vdb",
            "id": "6f5d9350-b389-4b62-9873-e879986fc1cb/2a8e3849-e893-4701-8199-886e858646bb",
            "instance_id": "6f5d9350-b389-4b62-9873-e879986fc1cb",
            "multiattach": null,
            "region": "regionOne",
            "timeouts": null,
            "vendor_options": [],
            "volume_id": "2a8e3849-e893-4701-8199-886e858646bb"
          },
          "sensitive_attributes": [],
          "private": "eyJlMmJmYjczMC1lY2FhLTExZTYtOGY4OC0zNDM2M2JjN2M0YzAiOnsiY3JlYXRlIjo2MDAwMDAwMDAwMDAsImRlbGV0ZSI6NjAwMDAwMDAwMDAwfX0=",
          "dependencies": [
            "openstack_blockstorage_volume_v2.tier2",
            "openstack_compute_instance_v2.compute"
          ]
        }
      ]
    },
    {
      "mode": "managed",
      "type": "openstack_networking_floatingip_v2",
      "name": "floatip_1",
      "provider": "provider[\"registry.terraform.io/terraform-provider-openstack/openstack\"]",
      "instances": [
        {
          "schema_version": 0,
          "attributes": {
            "address": "51.179.205.49",
            "all_tags": [],
            "description": "",
            "dns_domain": "",
            "dns_name": "",
            "fixed_ip": "10.1.1.61",
            "id": "7004b13d-5d28-4053-8653-7e09701799d3",
            "pool": "internet",
            "port_id": "25af15fb-f06d-40d3-9e69-de38fe533233",
            "region": "regionOne",
            "subnet_id": null,
            "subnet_ids": null,
            "tags": [],
            "tenant_id": "f8c223e95963492eaf795e60a0fb2acc",
            "timeouts": null,
            "value_specs": null
          },
          "sensitive_attributes": [],
          "private": "eyJlMmJmYjczMC1lY2FhLTExZTYtOGY4OC0zNDM2M2JjN2M0YzAiOnsiY3JlYXRlIjo2MDAwMDAwMDAwMDAsImRlbGV0ZSI6NjAwMDAwMDAwMDAwfX0="
        }
      ]
    },
    {
      "mode": "managed",
      "type": "openstack_networking_network_v2",
      "name": "MGMT",
      "provider": "provider[\"registry.terraform.io/terraform-provider-openstack/openstack\"]",
      "instances": [
        {
          "schema_version": 0,
          "attributes": {
            "admin_state_up": true,
            "all_tags": [],
            "availability_zone_hints": [],
            "description": "",
            "dns_domain": "",
            "external": false,
            "id": "ca2a82a1-7522-4eb9-9875-079699528fff",
            "mtu": 1450,
            "name": "MGMT",
            "port_security_enabled": true,
            "qos_policy_id": "",
            "region": "regionOne",
            "segments": [],
            "shared": false,
            "tags": [],
            "tenant_id": "f8c223e95963492eaf795e60a0fb2acc",
            "timeouts": null,
            "transparent_vlan": false,
            "value_specs": null
          },
          "sensitive_attributes": [],
          "private": "eyJlMmJmYjczMC1lY2FhLTExZTYtOGY4OC0zNDM2M2JjN2M0YzAiOnsiY3JlYXRlIjo2MDAwMDAwMDAwMDAsImRlbGV0ZSI6NjAwMDAwMDAwMDAwfX0="
        }
      ]
    },
    {
      "mode": "managed",
      "type": "openstack_networking_network_v2",
      "name": "PROV",
      "provider": "provider[\"registry.terraform.io/terraform-provider-openstack/openstack\"]",
      "instances": [
        {
          "schema_version": 0,
          "attributes": {
            "admin_state_up": true,
            "all_tags": [],
            "availability_zone_hints": [],
            "description": "",
            "dns_domain": "",
            "external": false,
            "id": "e26e3312-d4e0-4b60-80c4-59c5960ebc6f",
            "mtu": 1450,
            "name": "PROV",
            "port_security_enabled": true,
            "qos_policy_id": "",
            "region": "regionOne",
            "segments": [],
            "shared": false,
            "tags": [],
            "tenant_id": "f8c223e95963492eaf795e60a0fb2acc",
            "timeouts": null,
            "transparent_vlan": false,
            "value_specs": null
          },
          "sensitive_attributes": [],
          "private": "eyJlMmJmYjczMC1lY2FhLTExZTYtOGY4OC0zNDM2M2JjN2M0YzAiOnsiY3JlYXRlIjo2MDAwMDAwMDAwMDAsImRlbGV0ZSI6NjAwMDAwMDAwMDAwfX0="
        }
      ]
    },
    {
      "mode": "managed",
      "type": "openstack_networking_network_v2",
      "name": "TRANSIT",
      "provider": "provider[\"registry.terraform.io/terraform-provider-openstack/openstack\"]",
      "instances": [
        {
          "schema_version": 0,
          "attributes": {
            "admin_state_up": true,
            "all_tags": [],
            "availability_zone_hints": [],
            "description": "",
            "dns_domain": "",
            "external": false,
            "id": "c226c43f-116c-44bb-983f-6d7b19d797d4",
            "mtu": 1450,
            "name": "TRANSIT",
            "port_security_enabled": true,
            "qos_policy_id": "",
            "region": "regionOne",
            "segments": [],
            "shared": false,
            "tags": [],
            "tenant_id": "f8c223e95963492eaf795e60a0fb2acc",
            "timeouts": null,
            "transparent_vlan": false,
            "value_specs": null
          },
          "sensitive_attributes": [],
          "private": "eyJlMmJmYjczMC1lY2FhLTExZTYtOGY4OC0zNDM2M2JjN2M0YzAiOnsiY3JlYXRlIjo2MDAwMDAwMDAwMDAsImRlbGV0ZSI6NjAwMDAwMDAwMDAwfX0="
        }
      ]
    },
    {
      "mode": "managed",
      "type": "openstack_networking_router_interface_v2",
      "name": "mgmt_router_interface",
      "provider": "provider[\"registry.terraform.io/terraform-provider-openstack/openstack\"]",
      "instances": [
        {
          "schema_version": 0,
          "attributes": {
            "id": "3fa97bb7-8b3f-4d07-b4b4-700611738d3f",
            "port_id": "3fa97bb7-8b3f-4d07-b4b4-700611738d3f",
            "region": "regionOne",
            "router_id": "706766d3-3fc6-43a7-8b4d-0eaa1ce22ccd",
            "subnet_id": "256a7906-002d-4094-8a92-d9d344b69740",
            "timeouts": null
          },
          "sensitive_attributes": [],
          "private": "eyJlMmJmYjczMC1lY2FhLTExZTYtOGY4OC0zNDM2M2JjN2M0YzAiOnsiY3JlYXRlIjo2MDAwMDAwMDAwMDAsImRlbGV0ZSI6NjAwMDAwMDAwMDAwfX0=",
          "dependencies": [
            "openstack_networking_network_v2.MGMT",
            "openstack_networking_router_v2.MGMT",
            "openstack_networking_subnet_v2.mgmt_sub"
          ]
        }
      ]
    },
    {
      "mode": "managed",
      "type": "openstack_networking_router_interface_v2",
      "name": "prov_router_interface",
      "provider": "provider[\"registry.terraform.io/terraform-provider-openstack/openstack\"]",
      "instances": [
        {
          "schema_version": 0,
          "attributes": {
            "id": "00f7edc7-cc1d-4028-8ee1-9b6127958501",
            "port_id": "00f7edc7-cc1d-4028-8ee1-9b6127958501",
            "region": "regionOne",
            "router_id": "41ede2d6-8b4e-48e9-89d3-0b961b19bd59",
            "subnet_id": "5bec3d45-a8a8-45d8-9213-1ee3b7032156",
            "timeouts": null
          },
          "sensitive_attributes": [],
          "private": "eyJlMmJmYjczMC1lY2FhLTExZTYtOGY4OC0zNDM2M2JjN2M0YzAiOnsiY3JlYXRlIjo2MDAwMDAwMDAwMDAsImRlbGV0ZSI6NjAwMDAwMDAwMDAwfX0=",
          "dependencies": [
            "openstack_networking_network_v2.PROV",
            "openstack_networking_router_v2.PROV",
            "openstack_networking_subnet_v2.prov_sub"
          ]
        }
      ]
    },
    {
      "mode": "managed",
      "type": "openstack_networking_router_v2",
      "name": "MGMT",
      "provider": "provider[\"registry.terraform.io/terraform-provider-openstack/openstack\"]",
      "instances": [
        {
          "schema_version": 0,
          "attributes": {
            "admin_state_up": true,
            "all_tags": [],
            "availability_zone_hints": [],
            "description": "",
            "distributed": false,
            "enable_snat": true,
            "external_fixed_ip": [
              {
                "ip_address": "51.179.205.56",
                "subnet_id": "19c650f5-6b75-48a6-9dea-1a0097b28c24"
              }
            ],
            "external_gateway": "82e473e2-e2b1-4130-8749-17e7ed488124",
            "external_network_id": "82e473e2-e2b1-4130-8749-17e7ed488124",
            "external_subnet_ids": null,
            "id": "706766d3-3fc6-43a7-8b4d-0eaa1ce22ccd",
            "name": "MGMT",
            "region": "regionOne",
            "tags": [],
            "tenant_id": "f8c223e95963492eaf795e60a0fb2acc",
            "timeouts": null,
            "value_specs": null,
            "vendor_options": []
          },
          "sensitive_attributes": [],
          "private": "eyJlMmJmYjczMC1lY2FhLTExZTYtOGY4OC0zNDM2M2JjN2M0YzAiOnsiY3JlYXRlIjo2MDAwMDAwMDAwMDAsImRlbGV0ZSI6NjAwMDAwMDAwMDAwfX0="
        }
      ]
    },
    {
      "mode": "managed",
      "type": "openstack_networking_router_v2",
      "name": "PROV",
      "provider": "provider[\"registry.terraform.io/terraform-provider-openstack/openstack\"]",
      "instances": [
        {
          "schema_version": 0,
          "attributes": {
            "admin_state_up": true,
            "all_tags": [],
            "availability_zone_hints": [],
            "description": "",
            "distributed": false,
            "enable_snat": true,
            "external_fixed_ip": [
              {
                "ip_address": "51.179.205.58",
                "subnet_id": "19c650f5-6b75-48a6-9dea-1a0097b28c24"
              }
            ],
            "external_gateway": "82e473e2-e2b1-4130-8749-17e7ed488124",
            "external_network_id": "82e473e2-e2b1-4130-8749-17e7ed488124",
            "external_subnet_ids": null,
            "id": "41ede2d6-8b4e-48e9-89d3-0b961b19bd59",
            "name": "PROV",
            "region": "regionOne",
            "tags": [],
            "tenant_id": "f8c223e95963492eaf795e60a0fb2acc",
            "timeouts": null,
            "value_specs": null,
            "vendor_options": []
          },
          "sensitive_attributes": [],
          "private": "eyJlMmJmYjczMC1lY2FhLTExZTYtOGY4OC0zNDM2M2JjN2M0YzAiOnsiY3JlYXRlIjo2MDAwMDAwMDAwMDAsImRlbGV0ZSI6NjAwMDAwMDAwMDAwfX0="
        }
      ]
    },
    {
      "mode": "managed",
      "type": "openstack_networking_subnet_v2",
      "name": "mgmt_sub",
      "provider": "provider[\"registry.terraform.io/terraform-provider-openstack/openstack\"]",
      "instances": [
        {
          "schema_version": 0,
          "attributes": {
            "all_tags": [],
            "allocation_pool": [
              {
                "end": "10.1.1.200",
                "start": "10.1.1.20"
              }
            ],
            "allocation_pools": [
              {
                "end": "10.1.1.200",
                "start": "10.1.1.20"
              }
            ],
            "cidr": "10.1.1.0/24",
            "description": "",
            "dns_nameservers": [
              "1.1.1.1"
            ],
            "enable_dhcp": true,
            "gateway_ip": "10.1.1.1",
            "host_routes": [],
            "id": "256a7906-002d-4094-8a92-d9d344b69740",
            "ip_version": 4,
            "ipv6_address_mode": "",
            "ipv6_ra_mode": "",
            "name": "mgmt_sub",
            "network_id": "ca2a82a1-7522-4eb9-9875-079699528fff",
            "no_gateway": false,
            "prefix_length": null,
            "region": "regionOne",
            "subnetpool_id": "",
            "tags": [],
            "tenant_id": "f8c223e95963492eaf795e60a0fb2acc",
            "timeouts": null,
            "value_specs": null
          },
          "sensitive_attributes": [],
          "private": "eyJlMmJmYjczMC1lY2FhLTExZTYtOGY4OC0zNDM2M2JjN2M0YzAiOnsiY3JlYXRlIjo2MDAwMDAwMDAwMDAsImRlbGV0ZSI6NjAwMDAwMDAwMDAwfX0=",
          "dependencies": [
            "openstack_networking_network_v2.MGMT"
          ]
        }
      ]
    },
    {
      "mode": "managed",
      "type": "openstack_networking_subnet_v2",
      "name": "prov_sub",
      "provider": "provider[\"registry.terraform.io/terraform-provider-openstack/openstack\"]",
      "instances": [
        {
          "schema_version": 0,
          "attributes": {
            "all_tags": [],
            "allocation_pool": [
              {
                "end": "10.1.2.200",
                "start": "10.1.2.20"
              }
            ],
            "allocation_pools": [
              {
                "end": "10.1.2.200",
                "start": "10.1.2.20"
              }
            ],
            "cidr": "10.1.2.0/24",
            "description": "",
            "dns_nameservers": [
              "1.1.1.1"
            ],
            "enable_dhcp": true,
            "gateway_ip": "10.1.2.1",
            "host_routes": [],
            "id": "5bec3d45-a8a8-45d8-9213-1ee3b7032156",
            "ip_version": 4,
            "ipv6_address_mode": "",
            "ipv6_ra_mode": "",
            "name": "prov_sub",
            "network_id": "e26e3312-d4e0-4b60-80c4-59c5960ebc6f",
            "no_gateway": false,
            "prefix_length": null,
            "region": "regionOne",
            "subnetpool_id": "",
            "tags": [],
            "tenant_id": "f8c223e95963492eaf795e60a0fb2acc",
            "timeouts": null,
            "value_specs": null
          },
          "sensitive_attributes": [],
          "private": "eyJlMmJmYjczMC1lY2FhLTExZTYtOGY4OC0zNDM2M2JjN2M0YzAiOnsiY3JlYXRlIjo2MDAwMDAwMDAwMDAsImRlbGV0ZSI6NjAwMDAwMDAwMDAwfX0=",
          "dependencies": [
            "openstack_networking_network_v2.PROV"
          ]
        }
      ]
    },
    {
      "mode": "managed",
      "type": "openstack_networking_subnet_v2",
      "name": "transit_sub",
      "provider": "provider[\"registry.terraform.io/terraform-provider-openstack/openstack\"]",
      "instances": [
        {
          "schema_version": 0,
          "attributes": {
            "all_tags": [],
            "allocation_pool": [
              {
                "end": "10.1.3.200",
                "start": "10.1.3.20"
              }
            ],
            "allocation_pools": [
              {
                "end": "10.1.3.200",
                "start": "10.1.3.20"
              }
            ],
            "cidr": "10.1.3.0/24",
            "description": "",
            "dns_nameservers": [
              "1.1.1.1"
            ],
            "enable_dhcp": true,
            "gateway_ip": "10.1.3.1",
            "host_routes": [],
            "id": "a74a67c2-fc57-4f94-b16a-65032011e465",
            "ip_version": 4,
            "ipv6_address_mode": "",
            "ipv6_ra_mode": "",
            "name": "transit_sub",
            "network_id": "c226c43f-116c-44bb-983f-6d7b19d797d4",
            "no_gateway": false,
            "prefix_length": null,
            "region": "regionOne",
            "subnetpool_id": "",
            "tags": [],
            "tenant_id": "f8c223e95963492eaf795e60a0fb2acc",
            "timeouts": null,
            "value_specs": null
          },
          "sensitive_attributes": [],
          "private": "eyJlMmJmYjczMC1lY2FhLTExZTYtOGY4OC0zNDM2M2JjN2M0YzAiOnsiY3JlYXRlIjo2MDAwMDAwMDAwMDAsImRlbGV0ZSI6NjAwMDAwMDAwMDAwfX0=",
          "dependencies": [
            "openstack_networking_network_v2.TRANSIT"
          ]
        }
      ]
    }
  ]
}
